{
  "name": "@brief-jetzt/wasm-typst",
  "version": "0.1.0",
  "lockfileVersion": 3,
  "requires": true,
  "packages": {
    "": {
      "name": "@brief-jetzt/wasm-typst",
      "version": "0.1.0",
      "dependencies": {
        "wasm-typst": "file:wasm-pkg"
      }
    },
    "node_modules/wasm-typst": {
      "resolved": "wasm-pkg",
      "link": true
    },
    "wasm-pkg": {
      "version": "0.1.0"
    }
  }
}
